
Microsoft Visual Studio Solution File, Format Version 12.00
# Visual Studio Version 16
VisualStudioVersion = 16.0.32630.194
MinimumVisualStudioVersion = 10.0.40219.1
Project("{FAE04EC0-301F-11D3-BF4B-00C04F79EFBC}") = "BCEdit180", "BCEdit180\BCEdit180.csproj", "{785586C0-A6AD-49AE-A993-279A97164A8F}"
EndProject
Project("{FAE04EC0-301F-11D3-BF4B-00C04F79EFBC}") = "BCEdit180.Core", "BCEdit180.Core\BCEdit180.Core.csproj", "{2CE7C3A0-6C59-4F7A-9C1D-3168E0BF8EF8}"
EndProject
Project("{FAE04EC0-301F-11D3-BF4B-00C04F79EFBC}") = "JavaAsm", "JavaAsm\JavaAsm.csproj", "{90862785-97C5-4145-A62E-7AFC123C82B6}"
EndProject
Global
	GlobalSection(SolutionConfigurationPlatforms) = preSolution
		Debug|Any CPU = Debug|Any CPU
		Release|Any CPU = Release|Any CPU
	EndGlobalSection
	GlobalSection(ProjectConfigurationPlatforms) = postSolution
		{785586C0-A6AD-49AE-A993-279A97164A8F}.Debug|Any CPU.ActiveCfg = Debug|Any CPU
		{785586C0-A6AD-49AE-A993-279A97164A8F}.Debug|Any CPU.Build.0 = Debug|Any CPU
		{785586C0-A6AD-49AE-A993-279A97164A8F}.Release|Any CPU.ActiveCfg = Release|Any CPU
		{785586C0-A6AD-49AE-A993-279A97164A8F}.Release|Any CPU.Build.0 = Release|Any CPU
		{2CE7C3A0-6C59-4F7A-9C1D-3168E0BF8EF8}.Debug|Any CPU.ActiveCfg = Debug|Any CPU
		{2CE7C3A0-6C59-4F7A-9C1D-3168E0BF8EF8}.Debug|Any CPU.Build.0 = Debug|Any CPU
		{2CE7C3A0-6C59-4F7A-9C1D-3168E0BF8EF8}.Release|Any CPU.ActiveCfg = Release|Any CPU
		{2CE7C3A0-6C59-4F7A-9C1D-3168E0BF8EF8}.Release|Any CPU.Build.0 = Release|Any CPU
		{90862785-97C5-4145-A62E-7AFC123C82B6}.Debug|Any CPU.ActiveCfg = Debug|Any CPU
		{90862785-97C5-4145-A62E-7AFC123C82B6}.Debug|Any CPU.Build.0 = Debug|Any CPU
		{90862785-97C5-4145-A62E-7AFC123C82B6}.Release|Any CPU.ActiveCfg = Release|Any CPU
		{90862785-97C5-4145-A62E-7AFC123C82B6}.Release|Any CPU.Build.0 = Release|Any CPU
	EndGlobalSection
	GlobalSection(SolutionProperties) = preSolution
		HideSolutionNode = FALSE
	EndGlobalSection
	GlobalSection(ExtensibilityGlobals) = postSolution
		SolutionGuid = {1FC427B5-A70D-4320-8D46-AEBDB2F53C76}
	EndGlobalSection
EndGlobal
